
Microsoft Visual Studio Solution File, Format Version 12.00
# Visual Studio Version 16
VisualStudioVersion = 16.0.31129.286
MinimumVisualStudioVersion = 10.0.40219.1
Project("{FAE04EC0-301F-11D3-BF4B-00C04F79EFBC}") = "RouterDataLogger", "RouterDataLogger\RouterDataLogger.csproj", "{E4D360F4-7C90-4751-82CF-689592A9F733}"
EndProject
Project("{FAE04EC0-301F-11D3-BF4B-00C04F79EFBC}") = "DataAccessLibrary", "DataAccessLibrary\DataAccessLibrary.csproj", "{9AC28FAA-41FC-4E27-AB90-567B5773A65C}"
EndProject
Project("{FAE04EC0-301F-11D3-BF4B-00C04F79EFBC}") = "RouterLogsApi", "RouterLogsApi\RouterLogsApi.csproj", "{0846CB7B-E6DC-4E53-A1AE-70F98167FCB7}"
EndProject
Global
	GlobalSection(SolutionConfigurationPlatforms) = preSolution
		Debug|Any CPU = Debug|Any CPU
		Release|Any CPU = Release|Any CPU
	EndGlobalSection
	GlobalSection(ProjectConfigurationPlatforms) = postSolution
		{E4D360F4-7C90-4751-82CF-689592A9F733}.Debug|Any CPU.ActiveCfg = Debug|Any CPU
		{E4D360F4-7C90-4751-82CF-689592A9F733}.Debug|Any CPU.Build.0 = Debug|Any CPU
		{E4D360F4-7C90-4751-82CF-689592A9F733}.Release|Any CPU.ActiveCfg = Release|Any CPU
		{E4D360F4-7C90-4751-82CF-689592A9F733}.Release|Any CPU.Build.0 = Release|Any CPU
		{9AC28FAA-41FC-4E27-AB90-567B5773A65C}.Debug|Any CPU.ActiveCfg = Debug|Any CPU
		{9AC28FAA-41FC-4E27-AB90-567B5773A65C}.Debug|Any CPU.Build.0 = Debug|Any CPU
		{9AC28FAA-41FC-4E27-AB90-567B5773A65C}.Release|Any CPU.ActiveCfg = Release|Any CPU
		{9AC28FAA-41FC-4E27-AB90-567B5773A65C}.Release|Any CPU.Build.0 = Release|Any CPU
		{0846CB7B-E6DC-4E53-A1AE-70F98167FCB7}.Debug|Any CPU.ActiveCfg = Debug|Any CPU
		{0846CB7B-E6DC-4E53-A1AE-70F98167FCB7}.Debug|Any CPU.Build.0 = Debug|Any CPU
		{0846CB7B-E6DC-4E53-A1AE-70F98167FCB7}.Release|Any CPU.ActiveCfg = Release|Any CPU
		{0846CB7B-E6DC-4E53-A1AE-70F98167FCB7}.Release|Any CPU.Build.0 = Release|Any CPU
	EndGlobalSection
	GlobalSection(SolutionProperties) = preSolution
		HideSolutionNode = FALSE
	EndGlobalSection
	GlobalSection(ExtensibilityGlobals) = postSolution
		SolutionGuid = {55119693-CD57-411F-97C9-778BD33A319E}
	EndGlobalSection
EndGlobal
